
Microsoft Visual Studio Solution File, Format Version 12.00
# Visual Studio Version 16
VisualStudioVersion = 16.0.30413.136
MinimumVisualStudioVersion = 10.0.40219.1
Project("{9A19103F-16F7-4668-BE54-9A1E7A4F7556}") = "FinnHub.Net", "FinnHub.Net.csproj", "{A9FFC5AD-01DA-4E33-BB4C-414DE4B3624B}"
EndProject
Project("{FAE04EC0-301F-11D3-BF4B-00C04F79EFBC}") = "FinnHubExamples", "..\FinnHubExamples\FinnHubExamples.csproj", "{3E953009-9996-45F2-865B-7261DD3A37B7}"
EndProject
Global
	GlobalSection(SolutionConfigurationPlatforms) = preSolution
		Debug|Any CPU = Debug|Any CPU
		Release|Any CPU = Release|Any CPU
	EndGlobalSection
	GlobalSection(ProjectConfigurationPlatforms) = postSolution
		{A9FFC5AD-01DA-4E33-BB4C-414DE4B3624B}.Debug|Any CPU.ActiveCfg = Debug|Any CPU
		{A9FFC5AD-01DA-4E33-BB4C-414DE4B3624B}.Debug|Any CPU.Build.0 = Debug|Any CPU
		{A9FFC5AD-01DA-4E33-BB4C-414DE4B3624B}.Release|Any CPU.ActiveCfg = Release|Any CPU
		{A9FFC5AD-01DA-4E33-BB4C-414DE4B3624B}.Release|Any CPU.Build.0 = Release|Any CPU
		{3E953009-9996-45F2-865B-7261DD3A37B7}.Debug|Any CPU.ActiveCfg = Debug|Any CPU
		{3E953009-9996-45F2-865B-7261DD3A37B7}.Debug|Any CPU.Build.0 = Debug|Any CPU
		{3E953009-9996-45F2-865B-7261DD3A37B7}.Release|Any CPU.ActiveCfg = Release|Any CPU
		{3E953009-9996-45F2-865B-7261DD3A37B7}.Release|Any CPU.Build.0 = Release|Any CPU
	EndGlobalSection
	GlobalSection(SolutionProperties) = preSolution
		HideSolutionNode = FALSE
	EndGlobalSection
	GlobalSection(ExtensibilityGlobals) = postSolution
		SolutionGuid = {C2353F0D-8B4C-4325-9088-A3B33288EBDE}
	EndGlobalSection
EndGlobal
